// !$*UTF8*$!
{
	archiveVersion = 1;
	classes = {
	};
	objectVersion = 77;
	objects = {

/* Begin PBXBuildFile section */
		02678E40763E42F41087BC6E /* GhostTheme.swift in Sources */ = {isa = PBXBuildFile; fileRef = 49EF9839948B91E2F3CBA8D5 /* GhostTheme.swift */; };
		26D4D17124FC9683C3EFA42F /* RoomView.swift in Sources */ = {isa = PBXBuildFile; fileRef = 895AC31CCD19848CCC9C2F13 /* RoomView.swift */; };
		336C70D48336C5C0408B7822 /* GhostChatIOSApp.swift in Sources */ = {isa = PBXBuildFile; fileRef = 6BDF2E870F9E0EBB09B078FF /* GhostChatIOSApp.swift */; };
		33B3B4971DBF92D785D9D06F /* RootShellView.swift in Sources */ = {isa = PBXBuildFile; fileRef = B02169C13F08BB46C5EC4F16 /* RootShellView.swift */; };
		555A1248C157D4954991D203 /* HomeView.swift in Sources */ = {isa = PBXBuildFile; fileRef = 44A08B12B4B7A2A30E6608AE /* HomeView.swift */; };
		5624E4BD79AA6FAAA2022FF0 /* GhostWipeOverlayView.swift in Sources */ = {isa = PBXBuildFile; fileRef = 1332DD245D62D1BFFF440F5D /* GhostWipeOverlayView.swift */; };
		66831C04CEBC8B0EC47E78C7 /* APIClient.swift in Sources */ = {isa = PBXBuildFile; fileRef = 8AB26AC565D1C6B0F7EBA86E /* APIClient.swift */; };
		A05108C97DD351D65082901C /* GhostChatSecrets.swift in Sources */ = {isa = PBXBuildFile; fileRef = 2C7C6A45B15CCAD735597055 /* GhostChatSecrets.swift */; };
		A4787E7A2397640158B5D058 /* ScreenRecordingShield.swift in Sources */ = {isa = PBXBuildFile; fileRef = 0C2E62069E5AC4225A748CA1 /* ScreenRecordingShield.swift */; };
		C75E780D9A4358A261703CB8 /* EntrySplashView.swift in Sources */ = {isa = PBXBuildFile; fileRef = 34E9AD0D17425FA9499EAC78 /* EntrySplashView.swift */; };
		CAE3C8E997AD985890FAD49C /* Assets.xcassets in Resources */ = {isa = PBXBuildFile; fileRef = 4A5390DCF5FE9F5BDF292D2D /* Assets.xcassets */; };
		D290DB62FE2B3B516C8AF552 /* ChatViewModel.swift in Sources */ = {isa = PBXBuildFile; fileRef = 2EF13ADC074DA7B71D46BA9F /* ChatViewModel.swift */; };
		ECEA207CC7B1EDED0CA40930 /* SensitiveContentShield.swift in Sources */ = {isa = PBXBuildFile; fileRef = F997BDD9E659FA33AEA648E9 /* SensitiveContentShield.swift */; };
		FA83FE327BDEC61B4ABE3CF9 /* Models.swift in Sources */ = {isa = PBXBuildFile; fileRef = 467F835A0F161795325B1453 /* Models.swift */; };
/* End PBXBuildFile section */

/* Begin PBXFileReference section */
		0C2E62069E5AC4225A748CA1 /* ScreenRecordingShield.swift */ = {isa = PBXFileReference; lastKnownFileType = sourcecode.swift; path = ScreenRecordingShield.swift; sourceTree = "<group>"; };
		0F8F3DDE8CBB88C2DBB56613 /* Secrets.local.example.xcconfig */ = {isa = PBXFileReference; lastKnownFileType = text.xcconfig; path = Secrets.local.example.xcconfig; sourceTree = "<group>"; };
		1332DD245D62D1BFFF440F5D /* GhostWipeOverlayView.swift */ = {isa = PBXFileReference; lastKnownFileType = sourcecode.swift; path = GhostWipeOverlayView.swift; sourceTree = "<group>"; };
		1953330F4F52BD0467D19E9B /* GhostChat.app */ = {isa = PBXFileReference; includeInIndex = 0; lastKnownFileType = wrapper.application; path = GhostChat.app; sourceTree = BUILT_PRODUCTS_DIR; };
		2C7C6A45B15CCAD735597055 /* GhostChatSecrets.swift */ = {isa = PBXFileReference; lastKnownFileType = sourcecode.swift; path = GhostChatSecrets.swift; sourceTree = "<group>"; };
		2EF13ADC074DA7B71D46BA9F /* ChatViewModel.swift */ = {isa = PBXFileReference; lastKnownFileType = sourcecode.swift; path = ChatViewModel.swift; sourceTree = "<group>"; };
		34E9AD0D17425FA9499EAC78 /* EntrySplashView.swift */ = {isa = PBXFileReference; lastKnownFileType = sourcecode.swift; path = EntrySplashView.swift; sourceTree = "<group>"; };
		44A08B12B4B7A2A30E6608AE /* HomeView.swift */ = {isa = PBXFileReference; lastKnownFileType = sourcecode.swift; path = HomeView.swift; sourceTree = "<group>"; };
		467F835A0F161795325B1453 /* Models.swift */ = {isa = PBXFileReference; lastKnownFileType = sourcecode.swift; path = Models.swift; sourceTree = "<group>"; };
		49EF9839948B91E2F3CBA8D5 /* GhostTheme.swift */ = {isa = PBXFileReference; lastKnownFileType = sourcecode.swift; path = GhostTheme.swift; sourceTree = "<group>"; };
		4A5390DCF5FE9F5BDF292D2D /* Assets.xcassets */ = {isa = PBXFileReference; lastKnownFileType = folder.assetcatalog; path = Assets.xcassets; sourceTree = "<group>"; };
		5A7264B5D5515269E7353EB7 /* GhostChat.entitlements */ = {isa = PBXFileReference; lastKnownFileType = text.plist.entitlements; path = GhostChat.entitlements; sourceTree = "<group>"; };
		6BDF2E870F9E0EBB09B078FF /* GhostChatIOSApp.swift */ = {isa = PBXFileReference; lastKnownFileType = sourcecode.swift; path = GhostChatIOSApp.swift; sourceTree = "<group>"; };
		895AC31CCD19848CCC9C2F13 /* RoomView.swift */ = {isa = PBXFileReference; lastKnownFileType = sourcecode.swift; path = RoomView.swift; sourceTree = "<group>"; };
		8AB26AC565D1C6B0F7EBA86E /* APIClient.swift */ = {isa = PBXFileReference; lastKnownFileType = sourcecode.swift; path = APIClient.swift; sourceTree = "<group>"; };
		B02169C13F08BB46C5EC4F16 /* RootShellView.swift */ = {isa = PBXFileReference; lastKnownFileType = sourcecode.swift; path = RootShellView.swift; sourceTree = "<group>"; };
		CD03C330DC1762D2F93EEE7A /* Secrets.xcconfig */ = {isa = PBXFileReference; lastKnownFileType = text.xcconfig; path = Secrets.xcconfig; sourceTree = "<group>"; };
		F997BDD9E659FA33AEA648E9 /* SensitiveContentShield.swift */ = {isa = PBXFileReference; lastKnownFileType = sourcecode.swift; path = SensitiveContentShield.swift; sourceTree = "<group>"; };
/* End PBXFileReference section */

/* Begin PBXGroup section */
		012F243D87CE936BD64302DB /* Config */ = {
			isa = PBXGroup;
			children = (
				0F8F3DDE8CBB88C2DBB56613 /* Secrets.local.example.xcconfig */,
				CD03C330DC1762D2F93EEE7A /* Secrets.xcconfig */,
			);
			path = Config;
			sourceTree = "<group>";
		};
		55B83C4CD4129964137FD366 /* Products */ = {
			isa = PBXGroup;
			children = (
				1953330F4F52BD0467D19E9B /* GhostChat.app */,
			);
			name = Products;
			sourceTree = "<group>";
		};
		B8E0533865F9BDF86CDCCF3A = {
			isa = PBXGroup;
			children = (
				012F243D87CE936BD64302DB /* Config */,
				EC9E4F745423B5CB6E5AD19B /* GhostChatIOS */,
				55B83C4CD4129964137FD366 /* Products */,
			);
			sourceTree = "<group>";
		};
		EC9E4F745423B5CB6E5AD19B /* GhostChatIOS */ = {
			isa = PBXGroup;
			children = (
				8AB26AC565D1C6B0F7EBA86E /* APIClient.swift */,
				4A5390DCF5FE9F5BDF292D2D /* Assets.xcassets */,
				2EF13ADC074DA7B71D46BA9F /* ChatViewModel.swift */,
				34E9AD0D17425FA9499EAC78 /* EntrySplashView.swift */,
				5A7264B5D5515269E7353EB7 /* GhostChat.entitlements */,
				6BDF2E870F9E0EBB09B078FF /* GhostChatIOSApp.swift */,
				2C7C6A45B15CCAD735597055 /* GhostChatSecrets.swift */,
				49EF9839948B91E2F3CBA8D5 /* GhostTheme.swift */,
				1332DD245D62D1BFFF440F5D /* GhostWipeOverlayView.swift */,
				44A08B12B4B7A2A30E6608AE /* HomeView.swift */,
				467F835A0F161795325B1453 /* Models.swift */,
				895AC31CCD19848CCC9C2F13 /* RoomView.swift */,
				B02169C13F08BB46C5EC4F16 /* RootShellView.swift */,
				0C2E62069E5AC4225A748CA1 /* ScreenRecordingShield.swift */,
				F997BDD9E659FA33AEA648E9 /* SensitiveContentShield.swift */,
				012F243D87CE936BD64302DB /* Config */,
			);
			name = GhostChatIOS;
			path = .;
			sourceTree = "<group>";
		};
/* End PBXGroup section */

/* Begin PBXNativeTarget section */
		591205D6B972BC64E1BDE234 /* GhostChat */ = {
			isa = PBXNativeTarget;
			buildConfigurationList = C5F2AA7422595411672CF936 /* Build configuration list for PBXNativeTarget "GhostChat" */;
			buildPhases = (
				1C09913FF12CC0BD10FF83D4 /* Sources */,
				493E5B3002B0F0FF25D2A101 /* Resources */,
			);
			buildRules = (
			);
			dependencies = (
			);
			name = GhostChat;
			packageProductDependencies = (
			);
			productName = GhostChat;
			productReference = 1953330F4F52BD0467D19E9B /* GhostChat.app */;
			productType = "com.apple.product-type.application";
		};
/* End PBXNativeTarget section */

/* Begin PBXProject section */
		CAB8823E36C467720F8BC113 /* Project object */ = {
			isa = PBXProject;
			attributes = {
				BuildIndependentTargetsInParallel = YES;
				LastUpgradeCheck = 1430;
				TargetAttributes = {
					591205D6B972BC64E1BDE234 = {
						DevelopmentTeam = WSGT97CB7E;
					};
				};
			};
			buildConfigurationList = 5375EE9E6B19812F96CAE53D /* Build configuration list for PBXProject "GhostChat" */;
			developmentRegion = en;
			hasScannedForEncodings = 0;
			knownRegions = (
				Base,
				en,
			);
			mainGroup = B8E0533865F9BDF86CDCCF3A;
			minimizedProjectReferenceProxies = 1;
			preferredProjectObjectVersion = 77;
			productRefGroup = 55B83C4CD4129964137FD366 /* Products */;
			projectDirPath = "";
			projectRoot = "";
			targets = (
				591205D6B972BC64E1BDE234 /* GhostChat */,
			);
		};
/* End PBXProject section */

/* Begin PBXResourcesBuildPhase section */
		493E5B3002B0F0FF25D2A101 /* Resources */ = {
			isa = PBXResourcesBuildPhase;
			buildActionMask = 2147483647;
			files = (
				CAE3C8E997AD985890FAD49C /* Assets.xcassets in Resources */,
			);
			runOnlyForDeploymentPostprocessing = 0;
		};
/* End PBXResourcesBuildPhase section */

/* Begin PBXSourcesBuildPhase section */
		1C09913FF12CC0BD10FF83D4 /* Sources */ = {
			isa = PBXSourcesBuildPhase;
			buildActionMask = 2147483647;
			files = (
				66831C04CEBC8B0EC47E78C7 /* APIClient.swift in Sources */,
				D290DB62FE2B3B516C8AF552 /* ChatViewModel.swift in Sources */,
				C75E780D9A4358A261703CB8 /* EntrySplashView.swift in Sources */,
				336C70D48336C5C0408B7822 /* GhostChatIOSApp.swift in Sources */,
				A05108C97DD351D65082901C /* GhostChatSecrets.swift in Sources */,
				02678E40763E42F41087BC6E /* GhostTheme.swift in Sources */,
				5624E4BD79AA6FAAA2022FF0 /* GhostWipeOverlayView.swift in Sources */,
				555A1248C157D4954991D203 /* HomeView.swift in Sources */,
				FA83FE327BDEC61B4ABE3CF9 /* Models.swift in Sources */,
				26D4D17124FC9683C3EFA42F /* RoomView.swift in Sources */,
				33B3B4971DBF92D785D9D06F /* RootShellView.swift in Sources */,
				A4787E7A2397640158B5D058 /* ScreenRecordingShield.swift in Sources */,
				ECEA207CC7B1EDED0CA40930 /* SensitiveContentShield.swift in Sources */,
			);
			runOnlyForDeploymentPostprocessing = 0;
		};
/* End PBXSourcesBuildPhase section */

/* Begin XCBuildConfiguration section */
		42002A861BDDB35B64FDE132 /* Release */ = {
			isa = XCBuildConfiguration;
			baseConfigurationReference = CD03C330DC1762D2F93EEE7A /* Secrets.xcconfig */;
			buildSettings = {
				ASSETCATALOG_COMPILER_APPICON_NAME = AppIcon;
				CODE_SIGN_ENTITLEMENTS = GhostChat.entitlements;
				CODE_SIGN_IDENTITY = "iPhone Developer";
				CURRENT_PROJECT_VERSION = 3;
				DEVELOPMENT_TEAM = WSGT97CB7E;
				GENERATE_INFOPLIST_FILE = YES;
				INFOPLIST_FILE = "GhostChat-Info.plist";
				INFOPLIST_KEY_CFBundleDevelopmentRegion = "pt-BR";
				INFOPLIST_KEY_CFBundleDisplayName = GhostChat;
				INFOPLIST_KEY_LSApplicationCategoryType = "public.app-category.entertainment";
				INFOPLIST_KEY_LSRequiresIPhoneOS = YES;
				INFOPLIST_KEY_UIApplicationSceneManifest_Generation = YES;
				INFOPLIST_KEY_UILaunchScreen_Generation = YES;
				INFOPLIST_KEY_UIRequiresFullScreen = NO;
				INFOPLIST_KEY_UISupportedInterfaceOrientations_iPad = "UIInterfaceOrientationPortrait UIInterfaceOrientationPortraitUpsideDown UIInterfaceOrientationLandscapeLeft UIInterfaceOrientationLandscapeRight";
				INFOPLIST_KEY_UISupportedInterfaceOrientations_iPhone = UIInterfaceOrientationPortrait;
				IPHONEOS_DEPLOYMENT_TARGET = 17.0;
				LD_RUNPATH_SEARCH_PATHS = (
					"$(inherited)",
					"@executable_path/Frameworks",
				);
				MARKETING_VERSION = 1;
				SDKROOT = iphoneos;
				TARGETED_DEVICE_FAMILY = "1,2";
			};
			name = Release;
		};
		4AD174F98F89202D68100353 /* Release */ = {
			isa = XCBuildConfiguration;
			baseConfigurationReference = CD03C330DC1762D2F93EEE7A /* Secrets.xcconfig */;
			buildSettings = {
				ALWAYS_SEARCH_USER_PATHS = NO;
				CLANG_ANALYZER_NONNULL = YES;
				CLANG_ANALYZER_NUMBER_OBJECT_CONVERSION = YES_AGGRESSIVE;
				CLANG_CXX_LANGUAGE_STANDARD = "gnu++14";
				CLANG_CXX_LIBRARY = "libc++";
				CLANG_ENABLE_MODULES = YES;
				CLANG_ENABLE_OBJC_ARC = YES;
				CLANG_ENABLE_OBJC_WEAK = YES;
				CLANG_WARN_BLOCK_CAPTURE_AUTORELEASING = YES;
				CLANG_WARN_BOOL_CONVERSION = YES;
				CLANG_WARN_COMMA = YES;
				CLANG_WARN_CONSTANT_CONVERSION = YES;
				CLANG_WARN_DEPRECATED_OBJC_IMPLEMENTATIONS = YES;
				CLANG_WARN_DIRECT_OBJC_ISA_USAGE = YES_ERROR;
				CLANG_WARN_DOCUMENTATION_COMMENTS = YES;
				CLANG_WARN_EMPTY_BODY = YES;
				CLANG_WARN_ENUM_CONVERSION = YES;
				CLANG_WARN_INFINITE_RECURSION = YES;
				CLANG_WARN_INT_CONVERSION = YES;
				CLANG_WARN_NON_LITERAL_NULL_CONVERSION = YES;
				CLANG_WARN_OBJC_IMPLICIT_RETAIN_SELF = YES;
				CLANG_WARN_OBJC_LITERAL_CONVERSION = YES;
				CLANG_WARN_OBJC_ROOT_CLASS = YES_ERROR;
				CLANG_WARN_QUOTED_INCLUDE_IN_FRAMEWORK_HEADER = YES;
				CLANG_WARN_RANGE_LOOP_ANALYSIS = YES;
				CLANG_WARN_STRICT_PROTOTYPES = YES;
				CLANG_WARN_SUSPICIOUS_MOVE = YES;
				CLANG_WARN_UNGUARDED_AVAILABILITY = YES_AGGRESSIVE;
				CLANG_WARN_UNREACHABLE_CODE = YES;
				CLANG_WARN__DUPLICATE_METHOD_MATCH = YES;
				COPY_PHASE_STRIP = NO;
				DEBUG_INFORMATION_FORMAT = "dwarf-with-dsym";
				ENABLE_NS_ASSERTIONS = NO;
				ENABLE_STRICT_OBJC_MSGSEND = YES;
				GCC_C_LANGUAGE_STANDARD = gnu11;
				GCC_NO_COMMON_BLOCKS = YES;
				GCC_WARN_64_TO_32_BIT_CONVERSION = YES;
				GCC_WARN_ABOUT_RETURN_TYPE = YES_ERROR;
				GCC_WARN_UNDECLARED_SELECTOR = YES;
				GCC_WARN_UNINITIALIZED_AUTOS = YES_AGGRESSIVE;
				GCC_WARN_UNUSED_FUNCTION = YES;
				GCC_WARN_UNUSED_VARIABLE = YES;
				IPHONEOS_DEPLOYMENT_TARGET = 17.0;
				MTL_ENABLE_DEBUG_INFO = NO;
				MTL_FAST_MATH = YES;
				PRODUCT_BUNDLE_IDENTIFIER = com.ghosthchat;
				PRODUCT_NAME = "$(TARGET_NAME)";
				SDKROOT = iphoneos;
				SWIFT_COMPILATION_MODE = wholemodule;
				SWIFT_OPTIMIZATION_LEVEL = "-O";
				SWIFT_VERSION = 5.9;
			};
			name = Release;
		};
		5756A3F6A6A4F77C2C89D4C2 /* Debug */ = {
			isa = XCBuildConfiguration;
			baseConfigurationReference = CD03C330DC1762D2F93EEE7A /* Secrets.xcconfig */;
			buildSettings = {
				ALWAYS_SEARCH_USER_PATHS = NO;
				CLANG_ANALYZER_NONNULL = YES;
				CLANG_ANALYZER_NUMBER_OBJECT_CONVERSION = YES_AGGRESSIVE;
				CLANG_CXX_LANGUAGE_STANDARD = "gnu++14";
				CLANG_CXX_LIBRARY = "libc++";
				CLANG_ENABLE_MODULES = YES;
				CLANG_ENABLE_OBJC_ARC = YES;
				CLANG_ENABLE_OBJC_WEAK = YES;
				CLANG_WARN_BLOCK_CAPTURE_AUTORELEASING = YES;
				CLANG_WARN_BOOL_CONVERSION = YES;
				CLANG_WARN_COMMA = YES;
				CLANG_WARN_CONSTANT_CONVERSION = YES;
				CLANG_WARN_DEPRECATED_OBJC_IMPLEMENTATIONS = YES;
				CLANG_WARN_DIRECT_OBJC_ISA_USAGE = YES_ERROR;
				CLANG_WARN_DOCUMENTATION_COMMENTS = YES;
				CLANG_WARN_EMPTY_BODY = YES;
				CLANG_WARN_ENUM_CONVERSION = YES;
				CLANG_WARN_INFINITE_RECURSION = YES;
				CLANG_WARN_INT_CONVERSION = YES;
				CLANG_WARN_NON_LITERAL_NULL_CONVERSION = YES;
				CLANG_WARN_OBJC_IMPLICIT_RETAIN_SELF = YES;
				CLANG_WARN_OBJC_LITERAL_CONVERSION = YES;
				CLANG_WARN_OBJC_ROOT_CLASS = YES_ERROR;
				CLANG_WARN_QUOTED_INCLUDE_IN_FRAMEWORK_HEADER = YES;
				CLANG_WARN_RANGE_LOOP_ANALYSIS = YES;
				CLANG_WARN_STRICT_PROTOTYPES = YES;
				CLANG_WARN_SUSPICIOUS_MOVE = YES;
				CLANG_WARN_UNGUARDED_AVAILABILITY = YES_AGGRESSIVE;
				CLANG_WARN_UNREACHABLE_CODE = YES;
				CLANG_WARN__DUPLICATE_METHOD_MATCH = YES;
				COPY_PHASE_STRIP = NO;
				DEBUG_INFORMATION_FORMAT = dwarf;
				ENABLE_STRICT_OBJC_MSGSEND = YES;
				ENABLE_TESTABILITY = YES;
				GCC_C_LANGUAGE_STANDARD = gnu11;
				GCC_DYNAMIC_NO_PIC = NO;
				GCC_NO_COMMON_BLOCKS = YES;
				GCC_OPTIMIZATION_LEVEL = 0;
				GCC_PREPROCESSOR_DEFINITIONS = (
					"$(inherited)",
					"DEBUG=1",
				);
				GCC_WARN_64_TO_32_BIT_CONVERSION = YES;
				GCC_WARN_ABOUT_RETURN_TYPE = YES_ERROR;
				GCC_WARN_UNDECLARED_SELECTOR = YES;
				GCC_WARN_UNINITIALIZED_AUTOS = YES_AGGRESSIVE;
				GCC_WARN_UNUSED_FUNCTION = YES;
				GCC_WARN_UNUSED_VARIABLE = YES;
				IPHONEOS_DEPLOYMENT_TARGET = 17.0;
				MTL_ENABLE_DEBUG_INFO = INCLUDE_SOURCE;
				MTL_FAST_MATH = YES;
				ONLY_ACTIVE_ARCH = YES;
				PRODUCT_BUNDLE_IDENTIFIER = com.ghosthchat;
				PRODUCT_NAME = "$(TARGET_NAME)";
				SDKROOT = iphoneos;
				SWIFT_ACTIVE_COMPILATION_CONDITIONS = DEBUG;
				SWIFT_OPTIMIZATION_LEVEL = "-Onone";
				SWIFT_VERSION = 5.9;
			};
			name = Debug;
		};
		C506F15222CA1AD0C651EDBE /* Debug */ = {
			isa = XCBuildConfiguration;
			baseConfigurationReference = CD03C330DC1762D2F93EEE7A /* Secrets.xcconfig */;
			buildSettings = {
				ASSETCATALOG_COMPILER_APPICON_NAME = AppIcon;
				CODE_SIGN_ENTITLEMENTS = GhostChat.entitlements;
				CODE_SIGN_IDENTITY = "iPhone Developer";
				CURRENT_PROJECT_VERSION = 3;
				DEVELOPMENT_TEAM = WSGT97CB7E;
				GENERATE_INFOPLIST_FILE = YES;
				INFOPLIST_FILE = "GhostChat-Info.plist";
				INFOPLIST_KEY_CFBundleDevelopmentRegion = "pt-BR";
				INFOPLIST_KEY_CFBundleDisplayName = GhostChat;
				INFOPLIST_KEY_LSApplicationCategoryType = "public.app-category.entertainment";
				INFOPLIST_KEY_LSRequiresIPhoneOS = YES;
				INFOPLIST_KEY_UIApplicationSceneManifest_Generation = YES;
				INFOPLIST_KEY_UILaunchScreen_Generation = YES;
				INFOPLIST_KEY_UIRequiresFullScreen = NO;
				INFOPLIST_KEY_UISupportedInterfaceOrientations_iPad = "UIInterfaceOrientationPortrait UIInterfaceOrientationPortraitUpsideDown UIInterfaceOrientationLandscapeLeft UIInterfaceOrientationLandscapeRight";
				INFOPLIST_KEY_UISupportedInterfaceOrientations_iPhone = UIInterfaceOrientationPortrait;
				IPHONEOS_DEPLOYMENT_TARGET = 17.0;
				LD_RUNPATH_SEARCH_PATHS = (
					"$(inherited)",
					"@executable_path/Frameworks",
				);
				MARKETING_VERSION = 1;
				SDKROOT = iphoneos;
				TARGETED_DEVICE_FAMILY = "1,2";
			};
			name = Debug;
		};
/* End XCBuildConfiguration section */

/* Begin XCConfigurationList section */
		5375EE9E6B19812F96CAE53D /* Build configuration list for PBXProject "GhostChat" */ = {
			isa = XCConfigurationList;
			buildConfigurations = (
				5756A3F6A6A4F77C2C89D4C2 /* Debug */,
				4AD174F98F89202D68100353 /* Release */,
			);
			defaultConfigurationIsVisible = 0;
			defaultConfigurationName = Debug;
		};
		C5F2AA7422595411672CF936 /* Build configuration list for PBXNativeTarget "GhostChat" */ = {
			isa = XCConfigurationList;
			buildConfigurations = (
				C506F15222CA1AD0C651EDBE /* Debug */,
				42002A861BDDB35B64FDE132 /* Release */,
			);
			defaultConfigurationIsVisible = 0;
			defaultConfigurationName = Debug;
		};
/* End XCConfigurationList section */
	};
	rootObject = CAB8823E36C467720F8BC113 /* Project object */;
}
